// !$*UTF8*$!
{
	archiveVersion = 1;
	classes = {
	};
	objectVersion = 46;
	objects = {

/* Begin PBXBuildFile section */
		7C179A3B1E71F08D005EC0DB /* RatingViewController.swift in Sources */ = {isa = PBXBuildFile; fileRef = 7C179A3A1E71F08D005EC0DB /* RatingViewController.swift */; };
		7C1E3B5B1E6AC8930003704A /* RecipeCellDTO.swift in Sources */ = {isa = PBXBuildFile; fileRef = 7C1E3B5A1E6AC8930003704A /* RecipeCellDTO.swift */; };
		7C1E3B5D1E6AD37A0003704A /* RecipeDetailPresenter.swift in Sources */ = {isa = PBXBuildFile; fileRef = 7C1E3B5C1E6AD37A0003704A /* RecipeDetailPresenter.swift */; };
		7C1E3B5F1E6AD3D50003704A /* RecipeDetailView.swift in Sources */ = {isa = PBXBuildFile; fileRef = 7C1E3B5E1E6AD3D50003704A /* RecipeDetailView.swift */; };
		7C1FC9171E6206E800814280 /* Localizable.strings in Resources */ = {isa = PBXBuildFile; fileRef = 7C1FC9191E6206E800814280 /* Localizable.strings */; };
		7C2281D71E9A956E0007E2C7 /* CellActionDTO.swift in Sources */ = {isa = PBXBuildFile; fileRef = 7C2281D61E9A956E0007E2C7 /* CellActionDTO.swift */; };
		7C2281DA1E9A9FCD0007E2C7 /* KeyboardHelper.swift in Sources */ = {isa = PBXBuildFile; fileRef = 7C2281D91E9A9FCD0007E2C7 /* KeyboardHelper.swift */; };
		7C2375671E7DB351001BB8C2 /* CreateRecipeViewController.swift in Sources */ = {isa = PBXBuildFile; fileRef = 7C2375661E7DB350001BB8C2 /* CreateRecipeViewController.swift */; };
		7C2375691E7DC97D001BB8C2 /* CreateRecipePresenter.swift in Sources */ = {isa = PBXBuildFile; fileRef = 7C2375681E7DC97D001BB8C2 /* CreateRecipePresenter.swift */; };
		7C237AAC1E585981008D70D7 /* AppDelegate.swift in Sources */ = {isa = PBXBuildFile; fileRef = 7C237AAB1E585981008D70D7 /* AppDelegate.swift */; };
		7C237AB11E585981008D70D7 /* Recipes.storyboard in Resources */ = {isa = PBXBuildFile; fileRef = 7C237AAF1E585981008D70D7 /* Recipes.storyboard */; };
		7C237AB31E585981008D70D7 /* Assets.xcassets in Resources */ = {isa = PBXBuildFile; fileRef = 7C237AB21E585981008D70D7 /* Assets.xcassets */; };
		7C237AB61E585981008D70D7 /* LaunchScreen.storyboard in Resources */ = {isa = PBXBuildFile; fileRef = 7C237AB41E585981008D70D7 /* LaunchScreen.storyboard */; };
		7C25A5E31E6B24AE00D6A829 /* RecipeModuleAssembler.swift in Sources */ = {isa = PBXBuildFile; fileRef = 7C25A5E21E6B24AE00D6A829 /* RecipeModuleAssembler.swift */; };
		7C27EC9A1E997C400095CA6D /* CreateRecipeView.swift in Sources */ = {isa = PBXBuildFile; fileRef = 7C27EC991E997C400095CA6D /* CreateRecipeView.swift */; };
		7C5A9ECD1E69FFD6003FBA99 /* String+Localization.swift in Sources */ = {isa = PBXBuildFile; fileRef = 7C5A9ECC1E69FFD6003FBA99 /* String+Localization.swift */; };
		7C5A9EDB1E6A0074003FBA99 /* Recipe.swift in Sources */ = {isa = PBXBuildFile; fileRef = 7C5A9ECF1E6A0074003FBA99 /* Recipe.swift */; };
		7C5A9EDC1E6A0074003FBA99 /* RecipeDAO.swift in Sources */ = {isa = PBXBuildFile; fileRef = 7C5A9ED01E6A0074003FBA99 /* RecipeDAO.swift */; };
		7C5A9EDD1E6A0074003FBA99 /* RecipeMockDAO.swift in Sources */ = {isa = PBXBuildFile; fileRef = 7C5A9ED11E6A0074003FBA99 /* RecipeMockDAO.swift */; };
		7C5A9EDE1E6A0074003FBA99 /* RecipeDetailViewController.swift in Sources */ = {isa = PBXBuildFile; fileRef = 7C5A9ED31E6A0074003FBA99 /* RecipeDetailViewController.swift */; };
		7C5A9EE11E6A0074003FBA99 /* RecipesPresenter.swift in Sources */ = {isa = PBXBuildFile; fileRef = 7C5A9ED71E6A0074003FBA99 /* RecipesPresenter.swift */; };
		7C5A9EE21E6A0074003FBA99 /* RecipesView.swift in Sources */ = {isa = PBXBuildFile; fileRef = 7C5A9ED81E6A0074003FBA99 /* RecipesView.swift */; };
		7C5A9EE31E6A0074003FBA99 /* RecipesViewController.swift in Sources */ = {isa = PBXBuildFile; fileRef = 7C5A9ED91E6A0074003FBA99 /* RecipesViewController.swift */; };
		7C5A9EE41E6A0074003FBA99 /* RecipeCell.swift in Sources */ = {isa = PBXBuildFile; fileRef = 7C5A9EDA1E6A0074003FBA99 /* RecipeCell.swift */; };
		B85308B79F0F522D181AFBA3 /* Pods_RecipesApp.framework in Frameworks */ = {isa = PBXBuildFile; fileRef = FA9A078B0BDBCE7986004599 /* Pods_RecipesApp.framework */; };
/* End PBXBuildFile section */

/* Begin PBXFileReference section */
		7C179A3A1E71F08D005EC0DB /* RatingViewController.swift */ = {isa = PBXFileReference; fileEncoding = 4; lastKnownFileType = sourcecode.swift; path = RatingViewController.swift; sourceTree = "<group>"; };
		7C1E3B5A1E6AC8930003704A /* RecipeCellDTO.swift */ = {isa = PBXFileReference; fileEncoding = 4; lastKnownFileType = sourcecode.swift; path = RecipeCellDTO.swift; sourceTree = "<group>"; };
		7C1E3B5C1E6AD37A0003704A /* RecipeDetailPresenter.swift */ = {isa = PBXFileReference; fileEncoding = 4; lastKnownFileType = sourcecode.swift; path = RecipeDetailPresenter.swift; sourceTree = "<group>"; };
		7C1E3B5E1E6AD3D50003704A /* RecipeDetailView.swift */ = {isa = PBXFileReference; fileEncoding = 4; lastKnownFileType = sourcecode.swift; path = RecipeDetailView.swift; sourceTree = "<group>"; };
		7C1FC9141E6206BC00814280 /* es */ = {isa = PBXFileReference; lastKnownFileType = text.plist.strings; name = es; path = es.lproj/LaunchScreen.strings; sourceTree = "<group>"; };
		7C1FC9181E6206E800814280 /* en */ = {isa = PBXFileReference; lastKnownFileType = text.plist.strings; name = en; path = en.lproj/Localizable.strings; sourceTree = "<group>"; };
		7C1FC91A1E62070A00814280 /* es */ = {isa = PBXFileReference; lastKnownFileType = text.plist.strings; name = es; path = es.lproj/Localizable.strings; sourceTree = "<group>"; };
		7C2281D61E9A956E0007E2C7 /* CellActionDTO.swift */ = {isa = PBXFileReference; fileEncoding = 4; lastKnownFileType = sourcecode.swift; path = CellActionDTO.swift; sourceTree = "<group>"; };
		7C2281D91E9A9FCD0007E2C7 /* KeyboardHelper.swift */ = {isa = PBXFileReference; fileEncoding = 4; lastKnownFileType = sourcecode.swift; path = KeyboardHelper.swift; sourceTree = "<group>"; };
		7C2375661E7DB350001BB8C2 /* CreateRecipeViewController.swift */ = {isa = PBXFileReference; fileEncoding = 4; lastKnownFileType = sourcecode.swift; path = CreateRecipeViewController.swift; sourceTree = "<group>"; };
		7C2375681E7DC97D001BB8C2 /* CreateRecipePresenter.swift */ = {isa = PBXFileReference; fileEncoding = 4; lastKnownFileType = sourcecode.swift; path = CreateRecipePresenter.swift; sourceTree = "<group>"; };
		7C237AA81E585981008D70D7 /* RecipesApp.app */ = {isa = PBXFileReference; explicitFileType = wrapper.application; includeInIndex = 0; path = RecipesApp.app; sourceTree = BUILT_PRODUCTS_DIR; };
		7C237AAB1E585981008D70D7 /* AppDelegate.swift */ = {isa = PBXFileReference; lastKnownFileType = sourcecode.swift; path = AppDelegate.swift; sourceTree = "<group>"; };
		7C237AB01E585981008D70D7 /* Base */ = {isa = PBXFileReference; lastKnownFileType = file.storyboard; name = Base; path = Base.lproj/Recipes.storyboard; sourceTree = "<group>"; };
		7C237AB21E585981008D70D7 /* Assets.xcassets */ = {isa = PBXFileReference; lastKnownFileType = folder.assetcatalog; path = Assets.xcassets; sourceTree = "<group>"; };
		7C237AB51E585981008D70D7 /* Base */ = {isa = PBXFileReference; lastKnownFileType = file.storyboard; name = Base; path = Base.lproj/LaunchScreen.storyboard; sourceTree = "<group>"; };
		7C237AB71E585981008D70D7 /* Info.plist */ = {isa = PBXFileReference; lastKnownFileType = text.plist.xml; path = Info.plist; sourceTree = "<group>"; };
		7C2477CD1E7744640053DA01 /* es */ = {isa = PBXFileReference; lastKnownFileType = text.plist.strings; name = es; path = es.lproj/Recipes.strings; sourceTree = "<group>"; };
		7C25A5E21E6B24AE00D6A829 /* RecipeModuleAssembler.swift */ = {isa = PBXFileReference; fileEncoding = 4; lastKnownFileType = sourcecode.swift; path = RecipeModuleAssembler.swift; sourceTree = "<group>"; };
		7C27EC991E997C400095CA6D /* CreateRecipeView.swift */ = {isa = PBXFileReference; fileEncoding = 4; lastKnownFileType = sourcecode.swift; path = CreateRecipeView.swift; sourceTree = "<group>"; };
		7C5A9ECC1E69FFD6003FBA99 /* String+Localization.swift */ = {isa = PBXFileReference; fileEncoding = 4; lastKnownFileType = sourcecode.swift; path = "String+Localization.swift"; sourceTree = "<group>"; };
		7C5A9ECF1E6A0074003FBA99 /* Recipe.swift */ = {isa = PBXFileReference; fileEncoding = 4; lastKnownFileType = sourcecode.swift; path = Recipe.swift; sourceTree = "<group>"; };
		7C5A9ED01E6A0074003FBA99 /* RecipeDAO.swift */ = {isa = PBXFileReference; fileEncoding = 4; lastKnownFileType = sourcecode.swift; path = RecipeDAO.swift; sourceTree = "<group>"; };
		7C5A9ED11E6A0074003FBA99 /* RecipeMockDAO.swift */ = {isa = PBXFileReference; fileEncoding = 4; lastKnownFileType = sourcecode.swift; path = RecipeMockDAO.swift; sourceTree = "<group>"; };
		7C5A9ED31E6A0074003FBA99 /* RecipeDetailViewController.swift */ = {isa = PBXFileReference; fileEncoding = 4; lastKnownFileType = sourcecode.swift; path = RecipeDetailViewController.swift; sourceTree = "<group>"; };
		7C5A9ED71E6A0074003FBA99 /* RecipesPresenter.swift */ = {isa = PBXFileReference; fileEncoding = 4; lastKnownFileType = sourcecode.swift; path = RecipesPresenter.swift; sourceTree = "<group>"; };
		7C5A9ED81E6A0074003FBA99 /* RecipesView.swift */ = {isa = PBXFileReference; fileEncoding = 4; lastKnownFileType = sourcecode.swift; path = RecipesView.swift; sourceTree = "<group>"; };
		7C5A9ED91E6A0074003FBA99 /* RecipesViewController.swift */ = {isa = PBXFileReference; fileEncoding = 4; lastKnownFileType = sourcecode.swift; path = RecipesViewController.swift; sourceTree = "<group>"; };
		7C5A9EDA1E6A0074003FBA99 /* RecipeCell.swift */ = {isa = PBXFileReference; fileEncoding = 4; lastKnownFileType = sourcecode.swift; path = RecipeCell.swift; sourceTree = "<group>"; };
		838BFD7A8DE97346B47A9F74 /* Pods-RecipesApp.debug.xcconfig */ = {isa = PBXFileReference; includeInIndex = 1; lastKnownFileType = text.xcconfig; name = "Pods-RecipesApp.debug.xcconfig"; path = "Pods/Target Support Files/Pods-RecipesApp/Pods-RecipesApp.debug.xcconfig"; sourceTree = "<group>"; };
		9B76C13D296CAF9A4AC3FFE3 /* Pods-RecipesApp.release.xcconfig */ = {isa = PBXFileReference; includeInIndex = 1; lastKnownFileType = text.xcconfig; name = "Pods-RecipesApp.release.xcconfig"; path = "Pods/Target Support Files/Pods-RecipesApp/Pods-RecipesApp.release.xcconfig"; sourceTree = "<group>"; };
		FA9A078B0BDBCE7986004599 /* Pods_RecipesApp.framework */ = {isa = PBXFileReference; explicitFileType = wrapper.framework; includeInIndex = 0; path = Pods_RecipesApp.framework; sourceTree = BUILT_PRODUCTS_DIR; };
/* End PBXFileReference section */

/* Begin PBXFrameworksBuildPhase section */
		7C237AA51E585981008D70D7 /* Frameworks */ = {
			isa = PBXFrameworksBuildPhase;
			buildActionMask = 2147483647;
			files = (
				B85308B79F0F522D181AFBA3 /* Pods_RecipesApp.framework in Frameworks */,
			);
			runOnlyForDeploymentPostprocessing = 0;
		};
/* End PBXFrameworksBuildPhase section */

/* Begin PBXGroup section */
		40319AE3A3D7D1FAC624F09B /* Frameworks */ = {
			isa = PBXGroup;
			children = (
				FA9A078B0BDBCE7986004599 /* Pods_RecipesApp.framework */,
			);
			name = Frameworks;
			sourceTree = "<group>";
		};
		7C179A391E71F043005EC0DB /* RecipeRating */ = {
			isa = PBXGroup;
			children = (
				7C179A3A1E71F08D005EC0DB /* RatingViewController.swift */,
			);
			path = RecipeRating;
			sourceTree = "<group>";
		};
		7C19964C1E59BA0200F05686 /* Recipes */ = {
			isa = PBXGroup;
			children = (
				7C237AAF1E585981008D70D7 /* Recipes.storyboard */,
				7C25A5E21E6B24AE00D6A829 /* RecipeModuleAssembler.swift */,
				7C5A9ED51E6A0074003FBA99 /* RecipeList */,
				7C5A9ED21E6A0074003FBA99 /* RecipeDetail */,
				7C179A391E71F043005EC0DB /* RecipeRating */,
				7C2375651E7DB309001BB8C2 /* CreateRecipe */,
				7C5A9ECE1E6A0074003FBA99 /* Model */,
			);
			path = Recipes;
			sourceTree = "<group>";
		};
		7C2281D21E9A8EB50007E2C7 /* Commons */ = {
			isa = PBXGroup;
			children = (
				7C2281D51E9A95560007E2C7 /* DTOs */,
				7C2281D81E9A9FB30007E2C7 /* ViewHelpers */,
			);
			path = Commons;
			sourceTree = "<group>";
		};
		7C2281D51E9A95560007E2C7 /* DTOs */ = {
			isa = PBXGroup;
			children = (
				7C2281D61E9A956E0007E2C7 /* CellActionDTO.swift */,
			);
			path = DTOs;
			sourceTree = "<group>";
		};
		7C2281D81E9A9FB30007E2C7 /* ViewHelpers */ = {
			isa = PBXGroup;
			children = (
				7C2281D91E9A9FCD0007E2C7 /* KeyboardHelper.swift */,
			);
			path = ViewHelpers;
			sourceTree = "<group>";
		};
		7C2375651E7DB309001BB8C2 /* CreateRecipe */ = {
			isa = PBXGroup;
			children = (
				7C27EC991E997C400095CA6D /* CreateRecipeView.swift */,
				7C2375661E7DB350001BB8C2 /* CreateRecipeViewController.swift */,
				7C2375681E7DC97D001BB8C2 /* CreateRecipePresenter.swift */,
			);
			path = CreateRecipe;
			sourceTree = "<group>";
		};
		7C237A9F1E585981008D70D7 = {
			isa = PBXGroup;
			children = (
				7C237AAA1E585981008D70D7 /* RecipesApp */,
				7C237AA91E585981008D70D7 /* Products */,
				95614835E7732E0803D3321F /* Pods */,
				40319AE3A3D7D1FAC624F09B /* Frameworks */,
			);
			sourceTree = "<group>";
		};
		7C237AA91E585981008D70D7 /* Products */ = {
			isa = PBXGroup;
			children = (
				7C237AA81E585981008D70D7 /* RecipesApp.app */,
			);
			name = Products;
			sourceTree = "<group>";
		};
		7C237AAA1E585981008D70D7 /* RecipesApp */ = {
			isa = PBXGroup;
			children = (
				7C237AB41E585981008D70D7 /* LaunchScreen.storyboard */,
				7C237AAB1E585981008D70D7 /* AppDelegate.swift */,
				7C2281D21E9A8EB50007E2C7 /* Commons */,
				7C19964C1E59BA0200F05686 /* Recipes */,
				7C5A9ECB1E69FFD6003FBA99 /* Extensions */,
				7C237AB21E585981008D70D7 /* Assets.xcassets */,
				7C237AB71E585981008D70D7 /* Info.plist */,
				7C1FC9191E6206E800814280 /* Localizable.strings */,
			);
			path = RecipesApp;
			sourceTree = "<group>";
		};
		7C5A9ECB1E69FFD6003FBA99 /* Extensions */ = {
			isa = PBXGroup;
			children = (
				7C5A9ECC1E69FFD6003FBA99 /* String+Localization.swift */,
			);
			path = Extensions;
			sourceTree = "<group>";
		};
		7C5A9ECE1E6A0074003FBA99 /* Model */ = {
			isa = PBXGroup;
			children = (
				7C5A9ED01E6A0074003FBA99 /* RecipeDAO.swift */,
				7C5A9ED11E6A0074003FBA99 /* RecipeMockDAO.swift */,
				7C5A9ECF1E6A0074003FBA99 /* Recipe.swift */,
			);
			path = Model;
			sourceTree = "<group>";
		};
		7C5A9ED21E6A0074003FBA99 /* RecipeDetail */ = {
			isa = PBXGroup;
			children = (
				7C1E3B5E1E6AD3D50003704A /* RecipeDetailView.swift */,
				7C5A9ED31E6A0074003FBA99 /* RecipeDetailViewController.swift */,
				7C1E3B5C1E6AD37A0003704A /* RecipeDetailPresenter.swift */,
			);
			path = RecipeDetail;
			sourceTree = "<group>";
		};
		7C5A9ED51E6A0074003FBA99 /* RecipeList */ = {
			isa = PBXGroup;
			children = (
				7C5A9ED81E6A0074003FBA99 /* RecipesView.swift */,
				7C5A9ED91E6A0074003FBA99 /* RecipesViewController.swift */,
				7C5A9EDA1E6A0074003FBA99 /* RecipeCell.swift */,
				7C1E3B5A1E6AC8930003704A /* RecipeCellDTO.swift */,
				7C5A9ED71E6A0074003FBA99 /* RecipesPresenter.swift */,
			);
			path = RecipeList;
			sourceTree = "<group>";
		};
		95614835E7732E0803D3321F /* Pods */ = {
			isa = PBXGroup;
			children = (
				838BFD7A8DE97346B47A9F74 /* Pods-RecipesApp.debug.xcconfig */,
				9B76C13D296CAF9A4AC3FFE3 /* Pods-RecipesApp.release.xcconfig */,
			);
			name = Pods;
			sourceTree = "<group>";
		};
/* End PBXGroup section */

/* Begin PBXNativeTarget section */
		7C237AA71E585981008D70D7 /* RecipesApp */ = {
			isa = PBXNativeTarget;
			buildConfigurationList = 7C237ABA1E585981008D70D7 /* Build configuration list for PBXNativeTarget "RecipesApp" */;
			buildPhases = (
				2191FD6380820EBA91DA95D8 /* [CP] Check Pods Manifest.lock */,
				7C237AA41E585981008D70D7 /* Sources */,
				7C237AA51E585981008D70D7 /* Frameworks */,
				7C237AA61E585981008D70D7 /* Resources */,
				2ADCB259EA9423EE130447F8 /* [CP] Embed Pods Frameworks */,
				687F1F7B309E18E5128F21C5 /* [CP] Copy Pods Resources */,
				7CA375821E587359003ADEA5 /* ShellScript */,
			);
			buildRules = (
			);
			dependencies = (
			);
			name = RecipesApp;
			productName = RecipesApp;
			productReference = 7C237AA81E585981008D70D7 /* RecipesApp.app */;
			productType = "com.apple.product-type.application";
		};
/* End PBXNativeTarget section */

/* Begin PBXProject section */
		7C237AA01E585981008D70D7 /* Project object */ = {
			isa = PBXProject;
			attributes = {
				LastSwiftUpdateCheck = 0820;
				LastUpgradeCheck = 0820;
				ORGANIZATIONNAME = "Andrés Vicente Linares";
				TargetAttributes = {
					7C237AA71E585981008D70D7 = {
						CreatedOnToolsVersion = 8.2.1;
						ProvisioningStyle = Automatic;
					};
				};
			};
			buildConfigurationList = 7C237AA31E585981008D70D7 /* Build configuration list for PBXProject "RecipesApp" */;
			compatibilityVersion = "Xcode 3.2";
			developmentRegion = English;
			hasScannedForEncodings = 0;
			knownRegions = (
				en,
				Base,
				es,
			);
			mainGroup = 7C237A9F1E585981008D70D7;
			productRefGroup = 7C237AA91E585981008D70D7 /* Products */;
			projectDirPath = "";
			projectRoot = "";
			targets = (
				7C237AA71E585981008D70D7 /* RecipesApp */,
			);
		};
/* End PBXProject section */

/* Begin PBXResourcesBuildPhase section */
		7C237AA61E585981008D70D7 /* Resources */ = {
			isa = PBXResourcesBuildPhase;
			buildActionMask = 2147483647;
			files = (
				7C237AB61E585981008D70D7 /* LaunchScreen.storyboard in Resources */,
				7C1FC9171E6206E800814280 /* Localizable.strings in Resources */,
				7C237AB31E585981008D70D7 /* Assets.xcassets in Resources */,
				7C237AB11E585981008D70D7 /* Recipes.storyboard in Resources */,
			);
			runOnlyForDeploymentPostprocessing = 0;
		};
/* End PBXResourcesBuildPhase section */

/* Begin PBXShellScriptBuildPhase section */
		2191FD6380820EBA91DA95D8 /* [CP] Check Pods Manifest.lock */ = {
			isa = PBXShellScriptBuildPhase;
			buildActionMask = 2147483647;
			files = (
			);
			inputPaths = (
			);
			name = "[CP] Check Pods Manifest.lock";
			outputPaths = (
			);
			runOnlyForDeploymentPostprocessing = 0;
			shellPath = /bin/sh;
			shellScript = "diff \"${PODS_ROOT}/../Podfile.lock\" \"${PODS_ROOT}/Manifest.lock\" > /dev/null\nif [ $? != 0 ] ; then\n    # print error to STDERR\n    echo \"error: The sandbox is not in sync with the Podfile.lock. Run 'pod install' or update your CocoaPods installation.\" >&2\n    exit 1\nfi\n";
			showEnvVarsInLog = 0;
		};
		2ADCB259EA9423EE130447F8 /* [CP] Embed Pods Frameworks */ = {
			isa = PBXShellScriptBuildPhase;
			buildActionMask = 2147483647;
			files = (
			);
			inputPaths = (
			);
			name = "[CP] Embed Pods Frameworks";
			outputPaths = (
			);
			runOnlyForDeploymentPostprocessing = 0;
			shellPath = /bin/sh;
			shellScript = "\"${SRCROOT}/Pods/Target Support Files/Pods-RecipesApp/Pods-RecipesApp-frameworks.sh\"\n";
			showEnvVarsInLog = 0;
		};
		687F1F7B309E18E5128F21C5 /* [CP] Copy Pods Resources */ = {
			isa = PBXShellScriptBuildPhase;
			buildActionMask = 2147483647;
			files = (
			);
			inputPaths = (
			);
			name = "[CP] Copy Pods Resources";
			outputPaths = (
			);
			runOnlyForDeploymentPostprocessing = 0;
			shellPath = /bin/sh;
			shellScript = "\"${SRCROOT}/Pods/Target Support Files/Pods-RecipesApp/Pods-RecipesApp-resources.sh\"\n";
			showEnvVarsInLog = 0;
		};
		7CA375821E587359003ADEA5 /* ShellScript */ = {
			isa = PBXShellScriptBuildPhase;
			buildActionMask = 2147483647;
			files = (
			);
			inputPaths = (
			);
			outputPaths = (
			);
			runOnlyForDeploymentPostprocessing = 0;
			shellPath = /bin/sh;
			shellScript = "${PODS_ROOT}/SwiftLint/swiftlint";
		};
/* End PBXShellScriptBuildPhase section */

/* Begin PBXSourcesBuildPhase section */
		7C237AA41E585981008D70D7 /* Sources */ = {
			isa = PBXSourcesBuildPhase;
			buildActionMask = 2147483647;
			files = (
				7C2375671E7DB351001BB8C2 /* CreateRecipeViewController.swift in Sources */,
				7C2281D71E9A956E0007E2C7 /* CellActionDTO.swift in Sources */,
				7C5A9EDB1E6A0074003FBA99 /* Recipe.swift in Sources */,
				7C5A9EE21E6A0074003FBA99 /* RecipesView.swift in Sources */,
				7C2281DA1E9A9FCD0007E2C7 /* KeyboardHelper.swift in Sources */,
				7C1E3B5F1E6AD3D50003704A /* RecipeDetailView.swift in Sources */,
				7C5A9EE31E6A0074003FBA99 /* RecipesViewController.swift in Sources */,
				7C5A9EDD1E6A0074003FBA99 /* RecipeMockDAO.swift in Sources */,
				7C5A9ECD1E69FFD6003FBA99 /* String+Localization.swift in Sources */,
				7C179A3B1E71F08D005EC0DB /* RatingViewController.swift in Sources */,
				7C1E3B5D1E6AD37A0003704A /* RecipeDetailPresenter.swift in Sources */,
				7C2375691E7DC97D001BB8C2 /* CreateRecipePresenter.swift in Sources */,
				7C1E3B5B1E6AC8930003704A /* RecipeCellDTO.swift in Sources */,
				7C5A9EDC1E6A0074003FBA99 /* RecipeDAO.swift in Sources */,
				7C5A9EE11E6A0074003FBA99 /* RecipesPresenter.swift in Sources */,
				7C25A5E31E6B24AE00D6A829 /* RecipeModuleAssembler.swift in Sources */,
				7C27EC9A1E997C400095CA6D /* CreateRecipeView.swift in Sources */,
				7C5A9EDE1E6A0074003FBA99 /* RecipeDetailViewController.swift in Sources */,
				7C5A9EE41E6A0074003FBA99 /* RecipeCell.swift in Sources */,
				7C237AAC1E585981008D70D7 /* AppDelegate.swift in Sources */,
			);
			runOnlyForDeploymentPostprocessing = 0;
		};
/* End PBXSourcesBuildPhase section */

/* Begin PBXVariantGroup section */
		7C1FC9191E6206E800814280 /* Localizable.strings */ = {
			isa = PBXVariantGroup;
			children = (
				7C1FC9181E6206E800814280 /* en */,
				7C1FC91A1E62070A00814280 /* es */,
			);
			name = Localizable.strings;
			sourceTree = "<group>";
		};
		7C237AAF1E585981008D70D7 /* Recipes.storyboard */ = {
			isa = PBXVariantGroup;
			children = (
				7C237AB01E585981008D70D7 /* Base */,
				7C2477CD1E7744640053DA01 /* es */,
			);
			name = Recipes.storyboard;
			path = ..;
			sourceTree = "<group>";
		};
		7C237AB41E585981008D70D7 /* LaunchScreen.storyboard */ = {
			isa = PBXVariantGroup;
			children = (
				7C237AB51E585981008D70D7 /* Base */,
				7C1FC9141E6206BC00814280 /* es */,
			);
			name = LaunchScreen.storyboard;
			sourceTree = "<group>";
		};
/* End PBXVariantGroup section */

/* Begin XCBuildConfiguration section */
		7C237AB81E585981008D70D7 /* Debug */ = {
			isa = XCBuildConfiguration;
			buildSettings = {
				ALWAYS_SEARCH_USER_PATHS = NO;
				CLANG_ANALYZER_LOCALIZABILITY_NONLOCALIZED = YES;
				CLANG_ANALYZER_NONNULL = YES;
				CLANG_CXX_LANGUAGE_STANDARD = "gnu++0x";
				CLANG_CXX_LIBRARY = "libc++";
				CLANG_ENABLE_MODULES = YES;
				CLANG_ENABLE_OBJC_ARC = YES;
				CLANG_WARN_BOOL_CONVERSION = YES;
				CLANG_WARN_CONSTANT_CONVERSION = YES;
				CLANG_WARN_DIRECT_OBJC_ISA_USAGE = YES_ERROR;
				CLANG_WARN_DOCUMENTATION_COMMENTS = YES;
				CLANG_WARN_EMPTY_BODY = YES;
				CLANG_WARN_ENUM_CONVERSION = YES;
				CLANG_WARN_INFINITE_RECURSION = YES;
				CLANG_WARN_INT_CONVERSION = YES;
				CLANG_WARN_OBJC_ROOT_CLASS = YES_ERROR;
				CLANG_WARN_SUSPICIOUS_MOVE = YES;
				CLANG_WARN_UNREACHABLE_CODE = YES;
				CLANG_WARN__DUPLICATE_METHOD_MATCH = YES;
				"CODE_SIGN_IDENTITY[sdk=iphoneos*]" = "iPhone Developer";
				COPY_PHASE_STRIP = NO;
				DEBUG_INFORMATION_FORMAT = dwarf;
				ENABLE_STRICT_OBJC_MSGSEND = YES;
				ENABLE_TESTABILITY = YES;
				GCC_C_LANGUAGE_STANDARD = gnu99;
				GCC_DYNAMIC_NO_PIC = NO;
				GCC_NO_COMMON_BLOCKS = YES;
				GCC_OPTIMIZATION_LEVEL = 0;
				GCC_PREPROCESSOR_DEFINITIONS = (
					"DEBUG=1",
					"$(inherited)",
				);
				GCC_WARN_64_TO_32_BIT_CONVERSION = YES;
				GCC_WARN_ABOUT_RETURN_TYPE = YES_ERROR;
				GCC_WARN_UNDECLARED_SELECTOR = YES;
				GCC_WARN_UNINITIALIZED_AUTOS = YES_AGGRESSIVE;
				GCC_WARN_UNUSED_FUNCTION = YES;
				GCC_WARN_UNUSED_VARIABLE = YES;
				IPHONEOS_DEPLOYMENT_TARGET = 10.2;
				MTL_ENABLE_DEBUG_INFO = YES;
				ONLY_ACTIVE_ARCH = YES;
				SDKROOT = iphoneos;
				SWIFT_ACTIVE_COMPILATION_CONDITIONS = DEBUG;
				SWIFT_OPTIMIZATION_LEVEL = "-Onone";
				TARGETED_DEVICE_FAMILY = "1,2";
			};
			name = Debug;
		};
		7C237AB91E585981008D70D7 /* Release */ = {
			isa = XCBuildConfiguration;
			buildSettings = {
				ALWAYS_SEARCH_USER_PATHS = NO;
				CLANG_ANALYZER_LOCALIZABILITY_NONLOCALIZED = YES;
				CLANG_ANALYZER_NONNULL = YES;
				CLANG_CXX_LANGUAGE_STANDARD = "gnu++0x";
				CLANG_CXX_LIBRARY = "libc++";
				CLANG_ENABLE_MODULES = YES;
				CLANG_ENABLE_OBJC_ARC = YES;
				CLANG_WARN_BOOL_CONVERSION = YES;
				CLANG_WARN_CONSTANT_CONVERSION = YES;
				CLANG_WARN_DIRECT_OBJC_ISA_USAGE = YES_ERROR;
				CLANG_WARN_DOCUMENTATION_COMMENTS = YES;
				CLANG_WARN_EMPTY_BODY = YES;
				CLANG_WARN_ENUM_CONVERSION = YES;
				CLANG_WARN_INFINITE_RECURSION = YES;
				CLANG_WARN_INT_CONVERSION = YES;
				CLANG_WARN_OBJC_ROOT_CLASS = YES_ERROR;
				CLANG_WARN_SUSPICIOUS_MOVE = YES;
				CLANG_WARN_UNREACHABLE_CODE = YES;
				CLANG_WARN__DUPLICATE_METHOD_MATCH = YES;
				"CODE_SIGN_IDENTITY[sdk=iphoneos*]" = "iPhone Developer";
				COPY_PHASE_STRIP = NO;
				DEBUG_INFORMATION_FORMAT = "dwarf-with-dsym";
				ENABLE_NS_ASSERTIONS = NO;
				ENABLE_STRICT_OBJC_MSGSEND = YES;
				GCC_C_LANGUAGE_STANDARD = gnu99;
				GCC_NO_COMMON_BLOCKS = YES;
				GCC_WARN_64_TO_32_BIT_CONVERSION = YES;
				GCC_WARN_ABOUT_RETURN_TYPE = YES_ERROR;
				GCC_WARN_UNDECLARED_SELECTOR = YES;
				GCC_WARN_UNINITIALIZED_AUTOS = YES_AGGRESSIVE;
				GCC_WARN_UNUSED_FUNCTION = YES;
				GCC_WARN_UNUSED_VARIABLE = YES;
				IPHONEOS_DEPLOYMENT_TARGET = 10.2;
				MTL_ENABLE_DEBUG_INFO = NO;
				SDKROOT = iphoneos;
				SWIFT_OPTIMIZATION_LEVEL = "-Owholemodule";
				TARGETED_DEVICE_FAMILY = "1,2";
				VALIDATE_PRODUCT = YES;
			};
			name = Release;
		};
		7C237ABB1E585981008D70D7 /* Debug */ = {
			isa = XCBuildConfiguration;
			baseConfigurationReference = 838BFD7A8DE97346B47A9F74 /* Pods-RecipesApp.debug.xcconfig */;
			buildSettings = {
				ASSETCATALOG_COMPILER_APPICON_NAME = AppIcon;
				INFOPLIST_FILE = RecipesApp/Info.plist;
				LD_RUNPATH_SEARCH_PATHS = "$(inherited) @executable_path/Frameworks";
				PRODUCT_BUNDLE_IDENTIFIER = avilin.RecipesApp;
				PRODUCT_NAME = "$(TARGET_NAME)";
				SWIFT_VERSION = 3.0;
			};
			name = Debug;
		};
		7C237ABC1E585981008D70D7 /* Release */ = {
			isa = XCBuildConfiguration;
			baseConfigurationReference = 9B76C13D296CAF9A4AC3FFE3 /* Pods-RecipesApp.release.xcconfig */;
			buildSettings = {
				ASSETCATALOG_COMPILER_APPICON_NAME = AppIcon;
				INFOPLIST_FILE = RecipesApp/Info.plist;
				LD_RUNPATH_SEARCH_PATHS = "$(inherited) @executable_path/Frameworks";
				PRODUCT_BUNDLE_IDENTIFIER = avilin.RecipesApp;
				PRODUCT_NAME = "$(TARGET_NAME)";
				SWIFT_VERSION = 3.0;
			};
			name = Release;
		};
/* End XCBuildConfiguration section */

/* Begin XCConfigurationList section */
		7C237AA31E585981008D70D7 /* Build configuration list for PBXProject "RecipesApp" */ = {
			isa = XCConfigurationList;
			buildConfigurations = (
				7C237AB81E585981008D70D7 /* Debug */,
				7C237AB91E585981008D70D7 /* Release */,
			);
			defaultConfigurationIsVisible = 0;
			defaultConfigurationName = Release;
		};
		7C237ABA1E585981008D70D7 /* Build configuration list for PBXNativeTarget "RecipesApp" */ = {
			isa = XCConfigurationList;
			buildConfigurations = (
				7C237ABB1E585981008D70D7 /* Debug */,
				7C237ABC1E585981008D70D7 /* Release */,
			);
			defaultConfigurationIsVisible = 0;
			defaultConfigurationName = Release;
		};
/* End XCConfigurationList section */
	};
	rootObject = 7C237AA01E585981008D70D7 /* Project object */;
}
